
Microsoft Visual Studio Solution File, Format Version 12.00
# Visual Studio 15
VisualStudioVersion = 15.0.28307.645
MinimumVisualStudioVersion = 10.0.40219.1
Project("{FAE04EC0-301F-11D3-BF4B-00C04F79EFBC}") = "ActionFilters", "ActionFilters\ActionFilters.csproj", "{AA12F858-717F-4DD7-8B2B-DA19D485C274}"
EndProject
Global
	GlobalSection(SolutionConfigurationPlatforms) = preSolution
		Debug|Any CPU = Debug|Any CPU
		Release|Any CPU = Release|Any CPU
	EndGlobalSection
	GlobalSection(ProjectConfigurationPlatforms) = postSolution
		{AA12F858-717F-4DD7-8B2B-DA19D485C274}.Debug|Any CPU.ActiveCfg = Debug|Any CPU
		{AA12F858-717F-4DD7-8B2B-DA19D485C274}.Debug|Any CPU.Build.0 = Debug|Any CPU
		{AA12F858-717F-4DD7-8B2B-DA19D485C274}.Release|Any CPU.ActiveCfg = Release|Any CPU
		{AA12F858-717F-4DD7-8B2B-DA19D485C274}.Release|Any CPU.Build.0 = Release|Any CPU
	EndGlobalSection
	GlobalSection(SolutionProperties) = preSolution
		HideSolutionNode = FALSE
	EndGlobalSection
	GlobalSection(ExtensibilityGlobals) = postSolution
		SolutionGuid = {119F8372-09F2-4BB5-902C-730C8FFB171C}
	EndGlobalSection
EndGlobal
